
Microsoft Visual Studio Solution File, Format Version 12.00
# Visual Studio Version 17
VisualStudioVersion = 17.1.32328.378
MinimumVisualStudioVersion = 10.0.40219.1
Project("{9A19103F-16F7-4668-BE54-9A1E7A4F7556}") = "MvcSample", "MvcSample\MvcSample.csproj", "{66BDFC1C-4C1D-4B7D-BF9D-8F94F5F9EE08}"
EndProject
Project("{9A19103F-16F7-4668-BE54-9A1E7A4F7556}") = "MvcSample.Repositories", "MvcSample.Repositories\MvcSample.Repositories.csproj", "{B9FF6615-9D2F-4881-99B4-AC3E2288245E}"
EndProject
Project("{FAE04EC0-301F-11D3-BF4B-00C04F79EFBC}") = "MvcSample.Services", "MvcSample.Services\MvcSample.Services.csproj", "{88F25B9C-9772-40B8-B89E-00BF071398F2}"
EndProject
Global
	GlobalSection(SolutionConfigurationPlatforms) = preSolution
		Debug|Any CPU = Debug|Any CPU
		Release|Any CPU = Release|Any CPU
	EndGlobalSection
	GlobalSection(ProjectConfigurationPlatforms) = postSolution
		{66BDFC1C-4C1D-4B7D-BF9D-8F94F5F9EE08}.Debug|Any CPU.ActiveCfg = Debug|Any CPU
		{66BDFC1C-4C1D-4B7D-BF9D-8F94F5F9EE08}.Debug|Any CPU.Build.0 = Debug|Any CPU
		{66BDFC1C-4C1D-4B7D-BF9D-8F94F5F9EE08}.Release|Any CPU.ActiveCfg = Release|Any CPU
		{66BDFC1C-4C1D-4B7D-BF9D-8F94F5F9EE08}.Release|Any CPU.Build.0 = Release|Any CPU
		{B9FF6615-9D2F-4881-99B4-AC3E2288245E}.Debug|Any CPU.ActiveCfg = Debug|Any CPU
		{B9FF6615-9D2F-4881-99B4-AC3E2288245E}.Debug|Any CPU.Build.0 = Debug|Any CPU
		{B9FF6615-9D2F-4881-99B4-AC3E2288245E}.Release|Any CPU.ActiveCfg = Release|Any CPU
		{B9FF6615-9D2F-4881-99B4-AC3E2288245E}.Release|Any CPU.Build.0 = Release|Any CPU
		{88F25B9C-9772-40B8-B89E-00BF071398F2}.Debug|Any CPU.ActiveCfg = Debug|Any CPU
		{88F25B9C-9772-40B8-B89E-00BF071398F2}.Debug|Any CPU.Build.0 = Debug|Any CPU
		{88F25B9C-9772-40B8-B89E-00BF071398F2}.Release|Any CPU.ActiveCfg = Release|Any CPU
		{88F25B9C-9772-40B8-B89E-00BF071398F2}.Release|Any CPU.Build.0 = Release|Any CPU
	EndGlobalSection
	GlobalSection(SolutionProperties) = preSolution
		HideSolutionNode = FALSE
	EndGlobalSection
	GlobalSection(ExtensibilityGlobals) = postSolution
		SolutionGuid = {B5489B39-3A84-4683-9D3C-4F37718B68C9}
	EndGlobalSection
EndGlobal
